// !$*UTF8*$!
{
	archiveVersion = 1;
	classes = {
	};
	objectVersion = 46;
	objects = {

/* Begin PBXBuildFile section */
		377512901B6D1E200045E1C2 /* AppDelegate.swift in Sources */ = {isa = PBXBuildFile; fileRef = 3775128F1B6D1E200045E1C2 /* AppDelegate.swift */; };
		377512931B6D1E200045E1C2 /* Blog_Reader.xcdatamodeld in Sources */ = {isa = PBXBuildFile; fileRef = 377512911B6D1E200045E1C2 /* Blog_Reader.xcdatamodeld */; };
		377512951B6D1E200045E1C2 /* MasterViewController.swift in Sources */ = {isa = PBXBuildFile; fileRef = 377512941B6D1E200045E1C2 /* MasterViewController.swift */; };
		377512971B6D1E200045E1C2 /* DetailViewController.swift in Sources */ = {isa = PBXBuildFile; fileRef = 377512961B6D1E200045E1C2 /* DetailViewController.swift */; };
		3775129A1B6D1E200045E1C2 /* Main.storyboard in Resources */ = {isa = PBXBuildFile; fileRef = 377512981B6D1E200045E1C2 /* Main.storyboard */; };
		3775129C1B6D1E200045E1C2 /* Images.xcassets in Resources */ = {isa = PBXBuildFile; fileRef = 3775129B1B6D1E200045E1C2 /* Images.xcassets */; };
		3775129F1B6D1E200045E1C2 /* LaunchScreen.xib in Resources */ = {isa = PBXBuildFile; fileRef = 3775129D1B6D1E200045E1C2 /* LaunchScreen.xib */; };
		377512AB1B6D1E200045E1C2 /* Blog_ReaderTests.swift in Sources */ = {isa = PBXBuildFile; fileRef = 377512AA1B6D1E200045E1C2 /* Blog_ReaderTests.swift */; };
/* End PBXBuildFile section */

/* Begin PBXContainerItemProxy section */
		377512A51B6D1E200045E1C2 /* PBXContainerItemProxy */ = {
			isa = PBXContainerItemProxy;
			containerPortal = 377512821B6D1E200045E1C2 /* Project object */;
			proxyType = 1;
			remoteGlobalIDString = 377512891B6D1E200045E1C2;
			remoteInfo = "Blog Reader";
		};
/* End PBXContainerItemProxy section */

/* Begin PBXFileReference section */
		3775128A1B6D1E200045E1C2 /* Blog Reader.app */ = {isa = PBXFileReference; explicitFileType = wrapper.application; includeInIndex = 0; path = "Blog Reader.app"; sourceTree = BUILT_PRODUCTS_DIR; };
		3775128E1B6D1E200045E1C2 /* Info.plist */ = {isa = PBXFileReference; lastKnownFileType = text.plist.xml; path = Info.plist; sourceTree = "<group>"; };
		3775128F1B6D1E200045E1C2 /* AppDelegate.swift */ = {isa = PBXFileReference; lastKnownFileType = sourcecode.swift; path = AppDelegate.swift; sourceTree = "<group>"; };
		377512921B6D1E200045E1C2 /* Blog_Reader.xcdatamodel */ = {isa = PBXFileReference; lastKnownFileType = wrapper.xcdatamodel; path = Blog_Reader.xcdatamodel; sourceTree = "<group>"; };
		377512941B6D1E200045E1C2 /* MasterViewController.swift */ = {isa = PBXFileReference; lastKnownFileType = sourcecode.swift; path = MasterViewController.swift; sourceTree = "<group>"; };
		377512961B6D1E200045E1C2 /* DetailViewController.swift */ = {isa = PBXFileReference; lastKnownFileType = sourcecode.swift; path = DetailViewController.swift; sourceTree = "<group>"; };
		377512991B6D1E200045E1C2 /* Base */ = {isa = PBXFileReference; lastKnownFileType = file.storyboard; name = Base; path = Base.lproj/Main.storyboard; sourceTree = "<group>"; };
		3775129B1B6D1E200045E1C2 /* Images.xcassets */ = {isa = PBXFileReference; lastKnownFileType = folder.assetcatalog; path = Images.xcassets; sourceTree = "<group>"; };
		3775129E1B6D1E200045E1C2 /* Base */ = {isa = PBXFileReference; lastKnownFileType = file.xib; name = Base; path = Base.lproj/LaunchScreen.xib; sourceTree = "<group>"; };
		377512A41B6D1E200045E1C2 /* Blog ReaderTests.xctest */ = {isa = PBXFileReference; explicitFileType = wrapper.cfbundle; includeInIndex = 0; path = "Blog ReaderTests.xctest"; sourceTree = BUILT_PRODUCTS_DIR; };
		377512A91B6D1E200045E1C2 /* Info.plist */ = {isa = PBXFileReference; lastKnownFileType = text.plist.xml; path = Info.plist; sourceTree = "<group>"; };
		377512AA1B6D1E200045E1C2 /* Blog_ReaderTests.swift */ = {isa = PBXFileReference; lastKnownFileType = sourcecode.swift; path = Blog_ReaderTests.swift; sourceTree = "<group>"; };
/* End PBXFileReference section */

/* Begin PBXFrameworksBuildPhase section */
		377512871B6D1E200045E1C2 /* Frameworks */ = {
			isa = PBXFrameworksBuildPhase;
			buildActionMask = 2147483647;
			files = (
			);
			runOnlyForDeploymentPostprocessing = 0;
		};
		377512A11B6D1E200045E1C2 /* Frameworks */ = {
			isa = PBXFrameworksBuildPhase;
			buildActionMask = 2147483647;
			files = (
			);
			runOnlyForDeploymentPostprocessing = 0;
		};
/* End PBXFrameworksBuildPhase section */

/* Begin PBXGroup section */
		377512811B6D1E200045E1C2 = {
			isa = PBXGroup;
			children = (
				3775128C1B6D1E200045E1C2 /* Blog Reader */,
				377512A71B6D1E200045E1C2 /* Blog ReaderTests */,
				3775128B1B6D1E200045E1C2 /* Products */,
			);
			sourceTree = "<group>";
		};
		3775128B1B6D1E200045E1C2 /* Products */ = {
			isa = PBXGroup;
			children = (
				3775128A1B6D1E200045E1C2 /* Blog Reader.app */,
				377512A41B6D1E200045E1C2 /* Blog ReaderTests.xctest */,
			);
			name = Products;
			sourceTree = "<group>";
		};
		3775128C1B6D1E200045E1C2 /* Blog Reader */ = {
			isa = PBXGroup;
			children = (
				3775128F1B6D1E200045E1C2 /* AppDelegate.swift */,
				377512941B6D1E200045E1C2 /* MasterViewController.swift */,
				377512961B6D1E200045E1C2 /* DetailViewController.swift */,
				377512981B6D1E200045E1C2 /* Main.storyboard */,
				3775129B1B6D1E200045E1C2 /* Images.xcassets */,
				3775129D1B6D1E200045E1C2 /* LaunchScreen.xib */,
				377512911B6D1E200045E1C2 /* Blog_Reader.xcdatamodeld */,
				3775128D1B6D1E200045E1C2 /* Supporting Files */,
			);
			path = "Blog Reader";
			sourceTree = "<group>";
		};
		3775128D1B6D1E200045E1C2 /* Supporting Files */ = {
			isa = PBXGroup;
			children = (
				3775128E1B6D1E200045E1C2 /* Info.plist */,
			);
			name = "Supporting Files";
			sourceTree = "<group>";
		};
		377512A71B6D1E200045E1C2 /* Blog ReaderTests */ = {
			isa = PBXGroup;
			children = (
				377512AA1B6D1E200045E1C2 /* Blog_ReaderTests.swift */,
				377512A81B6D1E200045E1C2 /* Supporting Files */,
			);
			path = "Blog ReaderTests";
			sourceTree = "<group>";
		};
		377512A81B6D1E200045E1C2 /* Supporting Files */ = {
			isa = PBXGroup;
			children = (
				377512A91B6D1E200045E1C2 /* Info.plist */,
			);
			name = "Supporting Files";
			sourceTree = "<group>";
		};
/* End PBXGroup section */

/* Begin PBXNativeTarget section */
		377512891B6D1E200045E1C2 /* Blog Reader */ = {
			isa = PBXNativeTarget;
			buildConfigurationList = 377512AE1B6D1E200045E1C2 /* Build configuration list for PBXNativeTarget "Blog Reader" */;
			buildPhases = (
				377512861B6D1E200045E1C2 /* Sources */,
				377512871B6D1E200045E1C2 /* Frameworks */,
				377512881B6D1E200045E1C2 /* Resources */,
			);
			buildRules = (
			);
			dependencies = (
			);
			name = "Blog Reader";
			productName = "Blog Reader";
			productReference = 3775128A1B6D1E200045E1C2 /* Blog Reader.app */;
			productType = "com.apple.product-type.application";
		};
		377512A31B6D1E200045E1C2 /* Blog ReaderTests */ = {
			isa = PBXNativeTarget;
			buildConfigurationList = 377512B11B6D1E200045E1C2 /* Build configuration list for PBXNativeTarget "Blog ReaderTests" */;
			buildPhases = (
				377512A01B6D1E200045E1C2 /* Sources */,
				377512A11B6D1E200045E1C2 /* Frameworks */,
				377512A21B6D1E200045E1C2 /* Resources */,
			);
			buildRules = (
			);
			dependencies = (
				377512A61B6D1E200045E1C2 /* PBXTargetDependency */,
			);
			name = "Blog ReaderTests";
			productName = "Blog ReaderTests";
			productReference = 377512A41B6D1E200045E1C2 /* Blog ReaderTests.xctest */;
			productType = "com.apple.product-type.bundle.unit-test";
		};
/* End PBXNativeTarget section */

/* Begin PBXProject section */
		377512821B6D1E200045E1C2 /* Project object */ = {
			isa = PBXProject;
			attributes = {
				LastSwiftMigration = 0720;
				LastSwiftUpdateCheck = 0720;
				LastUpgradeCheck = 0720;
				ORGANIZATIONNAME = "lucas fernández";
				TargetAttributes = {
					377512891B6D1E200045E1C2 = {
						CreatedOnToolsVersion = 6.4;
					};
					377512A31B6D1E200045E1C2 = {
						CreatedOnToolsVersion = 6.4;
						TestTargetID = 377512891B6D1E200045E1C2;
					};
				};
			};
			buildConfigurationList = 377512851B6D1E200045E1C2 /* Build configuration list for PBXProject "Blog Reader" */;
			compatibilityVersion = "Xcode 3.2";
			developmentRegion = English;
			hasScannedForEncodings = 0;
			knownRegions = (
				en,
				Base,
			);
			mainGroup = 377512811B6D1E200045E1C2;
			productRefGroup = 3775128B1B6D1E200045E1C2 /* Products */;
			projectDirPath = "";
			projectRoot = "";
			targets = (
				377512891B6D1E200045E1C2 /* Blog Reader */,
				377512A31B6D1E200045E1C2 /* Blog ReaderTests */,
			);
		};
/* End PBXProject section */

/* Begin PBXResourcesBuildPhase section */
		377512881B6D1E200045E1C2 /* Resources */ = {
			isa = PBXResourcesBuildPhase;
			buildActionMask = 2147483647;
			files = (
				3775129A1B6D1E200045E1C2 /* Main.storyboard in Resources */,
				3775129F1B6D1E200045E1C2 /* LaunchScreen.xib in Resources */,
				3775129C1B6D1E200045E1C2 /* Images.xcassets in Resources */,
			);
			runOnlyForDeploymentPostprocessing = 0;
		};
		377512A21B6D1E200045E1C2 /* Resources */ = {
			isa = PBXResourcesBuildPhase;
			buildActionMask = 2147483647;
			files = (
			);
			runOnlyForDeploymentPostprocessing = 0;
		};
/* End PBXResourcesBuildPhase section */

/* Begin PBXSourcesBuildPhase section */
		377512861B6D1E200045E1C2 /* Sources */ = {
			isa = PBXSourcesBuildPhase;
			buildActionMask = 2147483647;
			files = (
				377512931B6D1E200045E1C2 /* Blog_Reader.xcdatamodeld in Sources */,
				377512901B6D1E200045E1C2 /* AppDelegate.swift in Sources */,
				377512951B6D1E200045E1C2 /* MasterViewController.swift in Sources */,
				377512971B6D1E200045E1C2 /* DetailViewController.swift in Sources */,
			);
			runOnlyForDeploymentPostprocessing = 0;
		};
		377512A01B6D1E200045E1C2 /* Sources */ = {
			isa = PBXSourcesBuildPhase;
			buildActionMask = 2147483647;
			files = (
				377512AB1B6D1E200045E1C2 /* Blog_ReaderTests.swift in Sources */,
			);
			runOnlyForDeploymentPostprocessing = 0;
		};
/* End PBXSourcesBuildPhase section */

/* Begin PBXTargetDependency section */
		377512A61B6D1E200045E1C2 /* PBXTargetDependency */ = {
			isa = PBXTargetDependency;
			target = 377512891B6D1E200045E1C2 /* Blog Reader */;
			targetProxy = 377512A51B6D1E200045E1C2 /* PBXContainerItemProxy */;
		};
/* End PBXTargetDependency section */

/* Begin PBXVariantGroup section */
		377512981B6D1E200045E1C2 /* Main.storyboard */ = {
			isa = PBXVariantGroup;
			children = (
				377512991B6D1E200045E1C2 /* Base */,
			);
			name = Main.storyboard;
			sourceTree = "<group>";
		};
		3775129D1B6D1E200045E1C2 /* LaunchScreen.xib */ = {
			isa = PBXVariantGroup;
			children = (
				3775129E1B6D1E200045E1C2 /* Base */,
			);
			name = LaunchScreen.xib;
			sourceTree = "<group>";
		};
/* End PBXVariantGroup section */

/* Begin XCBuildConfiguration section */
		377512AC1B6D1E200045E1C2 /* Debug */ = {
			isa = XCBuildConfiguration;
			buildSettings = {
				ALWAYS_SEARCH_USER_PATHS = NO;
				CLANG_CXX_LANGUAGE_STANDARD = "gnu++0x";
				CLANG_CXX_LIBRARY = "libc++";
				CLANG_ENABLE_MODULES = YES;
				CLANG_ENABLE_OBJC_ARC = YES;
				CLANG_WARN_BOOL_CONVERSION = YES;
				CLANG_WARN_CONSTANT_CONVERSION = YES;
				CLANG_WARN_DIRECT_OBJC_ISA_USAGE = YES_ERROR;
				CLANG_WARN_EMPTY_BODY = YES;
				CLANG_WARN_ENUM_CONVERSION = YES;
				CLANG_WARN_INT_CONVERSION = YES;
				CLANG_WARN_OBJC_ROOT_CLASS = YES_ERROR;
				CLANG_WARN_UNREACHABLE_CODE = YES;
				CLANG_WARN__DUPLICATE_METHOD_MATCH = YES;
				"CODE_SIGN_IDENTITY[sdk=iphoneos*]" = "iPhone Developer";
				COPY_PHASE_STRIP = NO;
				DEBUG_INFORMATION_FORMAT = "dwarf-with-dsym";
				ENABLE_STRICT_OBJC_MSGSEND = YES;
				ENABLE_TESTABILITY = YES;
				GCC_C_LANGUAGE_STANDARD = gnu99;
				GCC_DYNAMIC_NO_PIC = NO;
				GCC_NO_COMMON_BLOCKS = YES;
				GCC_OPTIMIZATION_LEVEL = 0;
				GCC_PREPROCESSOR_DEFINITIONS = (
					"DEBUG=1",
					"$(inherited)",
				);
				GCC_SYMBOLS_PRIVATE_EXTERN = NO;
				GCC_WARN_64_TO_32_BIT_CONVERSION = YES;
				GCC_WARN_ABOUT_RETURN_TYPE = YES_ERROR;
				GCC_WARN_UNDECLARED_SELECTOR = YES;
				GCC_WARN_UNINITIALIZED_AUTOS = YES_AGGRESSIVE;
				GCC_WARN_UNUSED_FUNCTION = YES;
				GCC_WARN_UNUSED_VARIABLE = YES;
				IPHONEOS_DEPLOYMENT_TARGET = 8.4;
				MTL_ENABLE_DEBUG_INFO = YES;
				ONLY_ACTIVE_ARCH = YES;
				SDKROOT = iphoneos;
				SWIFT_OPTIMIZATION_LEVEL = "-Onone";
			};
			name = Debug;
		};
		377512AD1B6D1E200045E1C2 /* Release */ = {
			isa = XCBuildConfiguration;
			buildSettings = {
				ALWAYS_SEARCH_USER_PATHS = NO;
				CLANG_CXX_LANGUAGE_STANDARD = "gnu++0x";
				CLANG_CXX_LIBRARY = "libc++";
				CLANG_ENABLE_MODULES = YES;
				CLANG_ENABLE_OBJC_ARC = YES;
				CLANG_WARN_BOOL_CONVERSION = YES;
				CLANG_WARN_CONSTANT_CONVERSION = YES;
				CLANG_WARN_DIRECT_OBJC_ISA_USAGE = YES_ERROR;
				CLANG_WARN_EMPTY_BODY = YES;
				CLANG_WARN_ENUM_CONVERSION = YES;
				CLANG_WARN_INT_CONVERSION = YES;
				CLANG_WARN_OBJC_ROOT_CLASS = YES_ERROR;
				CLANG_WARN_UNREACHABLE_CODE = YES;
				CLANG_WARN__DUPLICATE_METHOD_MATCH = YES;
				"CODE_SIGN_IDENTITY[sdk=iphoneos*]" = "iPhone Developer";
				COPY_PHASE_STRIP = NO;
				DEBUG_INFORMATION_FORMAT = "dwarf-with-dsym";
				ENABLE_NS_ASSERTIONS = NO;
				ENABLE_STRICT_OBJC_MSGSEND = YES;
				GCC_C_LANGUAGE_STANDARD = gnu99;
				GCC_NO_COMMON_BLOCKS = YES;
				GCC_WARN_64_TO_32_BIT_CONVERSION = YES;
				GCC_WARN_ABOUT_RETURN_TYPE = YES_ERROR;
				GCC_WARN_UNDECLARED_SELECTOR = YES;
				GCC_WARN_UNINITIALIZED_AUTOS = YES_AGGRESSIVE;
				GCC_WARN_UNUSED_FUNCTION = YES;
				GCC_WARN_UNUSED_VARIABLE = YES;
				IPHONEOS_DEPLOYMENT_TARGET = 8.4;
				MTL_ENABLE_DEBUG_INFO = NO;
				SDKROOT = iphoneos;
				VALIDATE_PRODUCT = YES;
			};
			name = Release;
		};
		377512AF1B6D1E200045E1C2 /* Debug */ = {
			isa = XCBuildConfiguration;
			buildSettings = {
				ASSETCATALOG_COMPILER_APPICON_NAME = AppIcon;
				INFOPLIST_FILE = "Blog Reader/Info.plist";
				LD_RUNPATH_SEARCH_PATHS = "$(inherited) @executable_path/Frameworks";
				PRODUCT_BUNDLE_IDENTIFIER = "lightsout.$(PRODUCT_NAME:rfc1034identifier)";
				PRODUCT_NAME = "$(TARGET_NAME)";
			};
			name = Debug;
		};
		377512B01B6D1E200045E1C2 /* Release */ = {
			isa = XCBuildConfiguration;
			buildSettings = {
				ASSETCATALOG_COMPILER_APPICON_NAME = AppIcon;
				INFOPLIST_FILE = "Blog Reader/Info.plist";
				LD_RUNPATH_SEARCH_PATHS = "$(inherited) @executable_path/Frameworks";
				PRODUCT_BUNDLE_IDENTIFIER = "lightsout.$(PRODUCT_NAME:rfc1034identifier)";
				PRODUCT_NAME = "$(TARGET_NAME)";
			};
			name = Release;
		};
		377512B21B6D1E200045E1C2 /* Debug */ = {
			isa = XCBuildConfiguration;
			buildSettings = {
				BUNDLE_LOADER = "$(TEST_HOST)";
				FRAMEWORK_SEARCH_PATHS = (
					"$(SDKROOT)/Developer/Library/Frameworks",
					"$(inherited)",
				);
				GCC_PREPROCESSOR_DEFINITIONS = (
					"DEBUG=1",
					"$(inherited)",
				);
				INFOPLIST_FILE = "Blog ReaderTests/Info.plist";
				LD_RUNPATH_SEARCH_PATHS = "$(inherited) @executable_path/Frameworks @loader_path/Frameworks";
				PRODUCT_BUNDLE_IDENTIFIER = "lightsout.$(PRODUCT_NAME:rfc1034identifier)";
				PRODUCT_NAME = "$(TARGET_NAME)";
				TEST_HOST = "$(BUILT_PRODUCTS_DIR)/Blog Reader.app/Blog Reader";
			};
			name = Debug;
		};
		377512B31B6D1E200045E1C2 /* Release */ = {
			isa = XCBuildConfiguration;
			buildSettings = {
				BUNDLE_LOADER = "$(TEST_HOST)";
				FRAMEWORK_SEARCH_PATHS = (
					"$(SDKROOT)/Developer/Library/Frameworks",
					"$(inherited)",
				);
				INFOPLIST_FILE = "Blog ReaderTests/Info.plist";
				LD_RUNPATH_SEARCH_PATHS = "$(inherited) @executable_path/Frameworks @loader_path/Frameworks";
				PRODUCT_BUNDLE_IDENTIFIER = "lightsout.$(PRODUCT_NAME:rfc1034identifier)";
				PRODUCT_NAME = "$(TARGET_NAME)";
				TEST_HOST = "$(BUILT_PRODUCTS_DIR)/Blog Reader.app/Blog Reader";
			};
			name = Release;
		};
/* End XCBuildConfiguration section */

/* Begin XCConfigurationList section */
		377512851B6D1E200045E1C2 /* Build configuration list for PBXProject "Blog Reader" */ = {
			isa = XCConfigurationList;
			buildConfigurations = (
				377512AC1B6D1E200045E1C2 /* Debug */,
				377512AD1B6D1E200045E1C2 /* Release */,
			);
			defaultConfigurationIsVisible = 0;
			defaultConfigurationName = Release;
		};
		377512AE1B6D1E200045E1C2 /* Build configuration list for PBXNativeTarget "Blog Reader" */ = {
			isa = XCConfigurationList;
			buildConfigurations = (
				377512AF1B6D1E200045E1C2 /* Debug */,
				377512B01B6D1E200045E1C2 /* Release */,
			);
			defaultConfigurationIsVisible = 0;
			defaultConfigurationName = Release;
		};
		377512B11B6D1E200045E1C2 /* Build configuration list for PBXNativeTarget "Blog ReaderTests" */ = {
			isa = XCConfigurationList;
			buildConfigurations = (
				377512B21B6D1E200045E1C2 /* Debug */,
				377512B31B6D1E200045E1C2 /* Release */,
			);
			defaultConfigurationIsVisible = 0;
			defaultConfigurationName = Release;
		};
/* End XCConfigurationList section */

/* Begin XCVersionGroup section */
		377512911B6D1E200045E1C2 /* Blog_Reader.xcdatamodeld */ = {
			isa = XCVersionGroup;
			children = (
				377512921B6D1E200045E1C2 /* Blog_Reader.xcdatamodel */,
			);
			currentVersion = 377512921B6D1E200045E1C2 /* Blog_Reader.xcdatamodel */;
			path = Blog_Reader.xcdatamodeld;
			sourceTree = "<group>";
			versionGroupType = wrapper.xcdatamodel;
		};
/* End XCVersionGroup section */
	};
	rootObject = 377512821B6D1E200045E1C2 /* Project object */;
}
